
Microsoft Visual Studio Solution File, Format Version 12.00
# Visual Studio Version 17
VisualStudioVersion = 17.13.35931.197
MinimumVisualStudioVersion = 10.0.40219.1
Project("{FAE04EC0-301F-11D3-BF4B-00C04F79EFBC}") = "OurNovel", "OurNovel.csproj", "{827630E4-337C-42CD-945D-A8FC7161A0FD}"
EndProject
Global
	GlobalSection(SolutionConfigurationPlatforms) = preSolution
		Debug|Any CPU = Debug|Any CPU
		Release|Any CPU = Release|Any CPU
	EndGlobalSection
	GlobalSection(ProjectConfigurationPlatforms) = postSolution
		{827630E4-337C-42CD-945D-A8FC7161A0FD}.Debug|Any CPU.ActiveCfg = Debug|Any CPU
		{827630E4-337C-42CD-945D-A8FC7161A0FD}.Debug|Any CPU.Build.0 = Debug|Any CPU
		{827630E4-337C-42CD-945D-A8FC7161A0FD}.Release|Any CPU.ActiveCfg = Release|Any CPU
		{827630E4-337C-42CD-945D-A8FC7161A0FD}.Release|Any CPU.Build.0 = Release|Any CPU
	EndGlobalSection
	GlobalSection(SolutionProperties) = preSolution
		HideSolutionNode = FALSE
	EndGlobalSection
	GlobalSection(ExtensibilityGlobals) = postSolution
		SolutionGuid = {18868DEC-6926-4904-9FAE-91FA6B4CEF96}
	EndGlobalSection
EndGlobal
